{
  "name": "zero_up_apk",
  "version": "1.3.1",
  "lockfileVersion": 3,
  "requires": true,
  "packages": {
    "": {
      "name": "zero_up_apk",
      "version": "1.3.1",
      "hasInstallScript": true,
      "license": "MIT",
      "os": [
        "win32",
        "darwin",
        "linux"
      ],
      "bin": {
        "zero_up_apk": "bin/zup.js",
        "zup": "bin/zup.js"
      },
      "engines": {
        "node": ">=14.0.0"
      }
    }
  }
}
